
Microsoft Visual Studio Solution File, Format Version 12.00
# Visual Studio Version 17
VisualStudioVersion = 17.8.34330.188
MinimumVisualStudioVersion = 10.0.40219.1
Project("{9A19103F-16F7-4668-BE54-9A1E7A4F7556}") = "MongoDatabaseExperiments", "MongoDatabaseExperiments\MongoDatabaseExperiments.csproj", "{83A2E7D2-7170-4DC1-9644-E3D2EA0690F1}"
EndProject
Project("{FAE04EC0-301F-11D3-BF4B-00C04F79EFBC}") = "GrpcService1", "GrpcService1\GrpcService1.csproj", "{50B6B373-A2F2-44F4-899A-DEC7A70303EF}"
EndProject
Global
	GlobalSection(SolutionConfigurationPlatforms) = preSolution
		Debug|Any CPU = Debug|Any CPU
		Release|Any CPU = Release|Any CPU
	EndGlobalSection
	GlobalSection(ProjectConfigurationPlatforms) = postSolution
		{83A2E7D2-7170-4DC1-9644-E3D2EA0690F1}.Debug|Any CPU.ActiveCfg = Debug|Any CPU
		{83A2E7D2-7170-4DC1-9644-E3D2EA0690F1}.Debug|Any CPU.Build.0 = Debug|Any CPU
		{83A2E7D2-7170-4DC1-9644-E3D2EA0690F1}.Release|Any CPU.ActiveCfg = Release|Any CPU
		{83A2E7D2-7170-4DC1-9644-E3D2EA0690F1}.Release|Any CPU.Build.0 = Release|Any CPU
		{50B6B373-A2F2-44F4-899A-DEC7A70303EF}.Debug|Any CPU.ActiveCfg = Debug|Any CPU
		{50B6B373-A2F2-44F4-899A-DEC7A70303EF}.Debug|Any CPU.Build.0 = Debug|Any CPU
		{50B6B373-A2F2-44F4-899A-DEC7A70303EF}.Release|Any CPU.ActiveCfg = Release|Any CPU
		{50B6B373-A2F2-44F4-899A-DEC7A70303EF}.Release|Any CPU.Build.0 = Release|Any CPU
	EndGlobalSection
	GlobalSection(SolutionProperties) = preSolution
		HideSolutionNode = FALSE
	EndGlobalSection
	GlobalSection(ExtensibilityGlobals) = postSolution
		SolutionGuid = {7C93554A-2D64-4605-BD2E-5EB07528E053}
	EndGlobalSection
EndGlobal
